// !$*UTF8*$!
{
	archiveVersion = 1;
	classes = {
	};
	objectVersion = 55;
	objects = {

/* Begin PBXBuildFile section */
		141EC4C828A3CC1200EBC7DF /* SocialRockApp.swift in Sources */ = {isa = PBXBuildFile; fileRef = 141EC4C728A3CC1200EBC7DF /* SocialRockApp.swift */; };
		141EC4CC28A3CC1300EBC7DF /* Assets.xcassets in Resources */ = {isa = PBXBuildFile; fileRef = 141EC4CB28A3CC1300EBC7DF /* Assets.xcassets */; };
		141EC4CF28A3CC1300EBC7DF /* Preview Assets.xcassets in Resources */ = {isa = PBXBuildFile; fileRef = 141EC4CE28A3CC1300EBC7DF /* Preview Assets.xcassets */; };
		141EC4D628A3CD7800EBC7DF /* API.swift in Sources */ = {isa = PBXBuildFile; fileRef = 141EC4D528A3CD7800EBC7DF /* API.swift */; };
		141EC4D928A3EC2B00EBC7DF /* Post.swift in Sources */ = {isa = PBXBuildFile; fileRef = 141EC4D828A3EC2B00EBC7DF /* Post.swift */; };
		141EC4DB28A3EC7900EBC7DF /* User.swift in Sources */ = {isa = PBXBuildFile; fileRef = 141EC4DA28A3EC7900EBC7DF /* User.swift */; };
		141EC4DF28A5319400EBC7DF /* LauchScreenView.swift in Sources */ = {isa = PBXBuildFile; fileRef = 141EC4DE28A5319400EBC7DF /* LauchScreenView.swift */; };
		142B6FB328AD07F500F29B1B /* LoginLogoutView.swift in Sources */ = {isa = PBXBuildFile; fileRef = 142B6FB228AD07F500F29B1B /* LoginLogoutView.swift */; };
		142B6FB828AE5FB800F29B1B /* Key.swift in Sources */ = {isa = PBXBuildFile; fileRef = 142B6FB728AE5FB800F29B1B /* Key.swift */; };
		142B6FC028AE745C00F29B1B /* KeychainAccess in Frameworks */ = {isa = PBXBuildFile; productRef = 142B6FBF28AE745C00F29B1B /* KeychainAccess */; };
		14C573B228ABD2BE009B7B26 /* SignInView.swift in Sources */ = {isa = PBXBuildFile; fileRef = 14C573B128ABD2BE009B7B26 /* SignInView.swift */; };
		3F33A41128AE817C00CE382D /* SessionModel.swift in Sources */ = {isa = PBXBuildFile; fileRef = 3F33A41028AE817C00CE382D /* SessionModel.swift */; };
/* End PBXBuildFile section */

/* Begin PBXFileReference section */
		141EC4C428A3CC1200EBC7DF /* SocialRock.app */ = {isa = PBXFileReference; explicitFileType = wrapper.application; includeInIndex = 0; path = SocialRock.app; sourceTree = BUILT_PRODUCTS_DIR; };
		141EC4C728A3CC1200EBC7DF /* SocialRockApp.swift */ = {isa = PBXFileReference; lastKnownFileType = sourcecode.swift; path = SocialRockApp.swift; sourceTree = "<group>"; };
		141EC4CB28A3CC1300EBC7DF /* Assets.xcassets */ = {isa = PBXFileReference; lastKnownFileType = folder.assetcatalog; path = Assets.xcassets; sourceTree = "<group>"; };
		141EC4CE28A3CC1300EBC7DF /* Preview Assets.xcassets */ = {isa = PBXFileReference; lastKnownFileType = folder.assetcatalog; path = "Preview Assets.xcassets"; sourceTree = "<group>"; };
		141EC4D528A3CD7800EBC7DF /* API.swift */ = {isa = PBXFileReference; lastKnownFileType = sourcecode.swift; path = API.swift; sourceTree = "<group>"; };
		141EC4D828A3EC2B00EBC7DF /* Post.swift */ = {isa = PBXFileReference; lastKnownFileType = sourcecode.swift; path = Post.swift; sourceTree = "<group>"; };
		141EC4DA28A3EC7900EBC7DF /* User.swift */ = {isa = PBXFileReference; lastKnownFileType = sourcecode.swift; path = User.swift; sourceTree = "<group>"; };
		141EC4DE28A5319400EBC7DF /* LauchScreenView.swift */ = {isa = PBXFileReference; lastKnownFileType = sourcecode.swift; path = LauchScreenView.swift; sourceTree = "<group>"; };
		142B6FB228AD07F500F29B1B /* LoginLogoutView.swift */ = {isa = PBXFileReference; lastKnownFileType = sourcecode.swift; path = LoginLogoutView.swift; sourceTree = "<group>"; };
		142B6FB728AE5FB800F29B1B /* Key.swift */ = {isa = PBXFileReference; lastKnownFileType = sourcecode.swift; path = Key.swift; sourceTree = "<group>"; };
		14C573B128ABD2BE009B7B26 /* SignInView.swift */ = {isa = PBXFileReference; lastKnownFileType = sourcecode.swift; path = SignInView.swift; sourceTree = "<group>"; };
		3F33A41028AE817C00CE382D /* SessionModel.swift */ = {isa = PBXFileReference; lastKnownFileType = sourcecode.swift; path = SessionModel.swift; sourceTree = "<group>"; };
/* End PBXFileReference section */

/* Begin PBXFrameworksBuildPhase section */
		141EC4C128A3CC1200EBC7DF /* Frameworks */ = {
			isa = PBXFrameworksBuildPhase;
			buildActionMask = 2147483647;
			files = (
				142B6FC028AE745C00F29B1B /* KeychainAccess in Frameworks */,
			);
			runOnlyForDeploymentPostprocessing = 0;
		};
/* End PBXFrameworksBuildPhase section */

/* Begin PBXGroup section */
		141EC4BB28A3CC1200EBC7DF = {
			isa = PBXGroup;
			children = (
				141EC4C628A3CC1200EBC7DF /* SocialRock */,
				141EC4C528A3CC1200EBC7DF /* Products */,
			);
			sourceTree = "<group>";
		};
		141EC4C528A3CC1200EBC7DF /* Products */ = {
			isa = PBXGroup;
			children = (
				141EC4C428A3CC1200EBC7DF /* SocialRock.app */,
			);
			name = Products;
			sourceTree = "<group>";
		};
		141EC4C628A3CC1200EBC7DF /* SocialRock */ = {
			isa = PBXGroup;
			children = (
				141EC4C728A3CC1200EBC7DF /* SocialRockApp.swift */,
				141EC4DE28A5319400EBC7DF /* LauchScreenView.swift */,
				142B6FB228AD07F500F29B1B /* LoginLogoutView.swift */,
				142B6FB628AE5F8F00F29B1B /* Service */,
				14C573B028ABD25B009B7B26 /* ViewModel */,
				141EC4D728A3EC1000EBC7DF /* Model */,
				141EC4CB28A3CC1300EBC7DF /* Assets.xcassets */,
				141EC4CD28A3CC1300EBC7DF /* Preview Content */,
			);
			path = SocialRock;
			sourceTree = "<group>";
		};
		141EC4CD28A3CC1300EBC7DF /* Preview Content */ = {
			isa = PBXGroup;
			children = (
				141EC4CE28A3CC1300EBC7DF /* Preview Assets.xcassets */,
			);
			path = "Preview Content";
			sourceTree = "<group>";
		};
		141EC4D728A3EC1000EBC7DF /* Model */ = {
			isa = PBXGroup;
			children = (
				141EC4D828A3EC2B00EBC7DF /* Post.swift */,
				141EC4DA28A3EC7900EBC7DF /* User.swift */,
				3F33A41028AE817C00CE382D /* SessionModel.swift */,
			);
			path = Model;
			sourceTree = "<group>";
		};
		142B6FB628AE5F8F00F29B1B /* Service */ = {
			isa = PBXGroup;
			children = (
				141EC4D528A3CD7800EBC7DF /* API.swift */,
				142B6FB728AE5FB800F29B1B /* Key.swift */,
			);
			path = Service;
			sourceTree = "<group>";
		};
		14C573B028ABD25B009B7B26 /* ViewModel */ = {
			isa = PBXGroup;
			children = (
				14C573B128ABD2BE009B7B26 /* SignInView.swift */,
			);
			path = ViewModel;
			sourceTree = "<group>";
		};
/* End PBXGroup section */

/* Begin PBXNativeTarget section */
		141EC4C328A3CC1200EBC7DF /* SocialRock */ = {
			isa = PBXNativeTarget;
			buildConfigurationList = 141EC4D228A3CC1300EBC7DF /* Build configuration list for PBXNativeTarget "SocialRock" */;
			buildPhases = (
				141EC4C028A3CC1200EBC7DF /* Sources */,
				141EC4C128A3CC1200EBC7DF /* Frameworks */,
				141EC4C228A3CC1200EBC7DF /* Resources */,
			);
			buildRules = (
			);
			dependencies = (
			);
			name = SocialRock;
			packageProductDependencies = (
				142B6FBF28AE745C00F29B1B /* KeychainAccess */,
			);
			productName = SocialRock;
			productReference = 141EC4C428A3CC1200EBC7DF /* SocialRock.app */;
			productType = "com.apple.product-type.application";
		};
/* End PBXNativeTarget section */

/* Begin PBXProject section */
		141EC4BC28A3CC1200EBC7DF /* Project object */ = {
			isa = PBXProject;
			attributes = {
				BuildIndependentTargetsInParallel = 1;
				LastSwiftUpdateCheck = 1340;
				LastUpgradeCheck = 1340;
				TargetAttributes = {
					141EC4C328A3CC1200EBC7DF = {
						CreatedOnToolsVersion = 13.4.1;
					};
				};
			};
			buildConfigurationList = 141EC4BF28A3CC1200EBC7DF /* Build configuration list for PBXProject "SocialRock" */;
			compatibilityVersion = "Xcode 13.0";
			developmentRegion = en;
			hasScannedForEncodings = 0;
			knownRegions = (
				en,
				Base,
			);
			mainGroup = 141EC4BB28A3CC1200EBC7DF;
			packageReferences = (
				142B6FBE28AE745C00F29B1B /* XCRemoteSwiftPackageReference "KeychainAccess" */,
			);
			productRefGroup = 141EC4C528A3CC1200EBC7DF /* Products */;
			projectDirPath = "";
			projectRoot = "";
			targets = (
				141EC4C328A3CC1200EBC7DF /* SocialRock */,
			);
		};
/* End PBXProject section */

/* Begin PBXResourcesBuildPhase section */
		141EC4C228A3CC1200EBC7DF /* Resources */ = {
			isa = PBXResourcesBuildPhase;
			buildActionMask = 2147483647;
			files = (
				141EC4CF28A3CC1300EBC7DF /* Preview Assets.xcassets in Resources */,
				141EC4CC28A3CC1300EBC7DF /* Assets.xcassets in Resources */,
			);
			runOnlyForDeploymentPostprocessing = 0;
		};
/* End PBXResourcesBuildPhase section */

/* Begin PBXSourcesBuildPhase section */
		141EC4C028A3CC1200EBC7DF /* Sources */ = {
			isa = PBXSourcesBuildPhase;
			buildActionMask = 2147483647;
			files = (
				142B6FB328AD07F500F29B1B /* LoginLogoutView.swift in Sources */,
				14C573B228ABD2BE009B7B26 /* SignInView.swift in Sources */,
				3F33A41128AE817C00CE382D /* SessionModel.swift in Sources */,
				141EC4D628A3CD7800EBC7DF /* API.swift in Sources */,
				141EC4C828A3CC1200EBC7DF /* SocialRockApp.swift in Sources */,
				141EC4DB28A3EC7900EBC7DF /* User.swift in Sources */,
				142B6FB828AE5FB800F29B1B /* Key.swift in Sources */,
				141EC4DF28A5319400EBC7DF /* LauchScreenView.swift in Sources */,
				141EC4D928A3EC2B00EBC7DF /* Post.swift in Sources */,
			);
			runOnlyForDeploymentPostprocessing = 0;
		};
/* End PBXSourcesBuildPhase section */

/* Begin XCBuildConfiguration section */
		141EC4D028A3CC1300EBC7DF /* Debug */ = {
			isa = XCBuildConfiguration;
			buildSettings = {
				ALWAYS_SEARCH_USER_PATHS = NO;
				CLANG_ANALYZER_NONNULL = YES;
				CLANG_ANALYZER_NUMBER_OBJECT_CONVERSION = YES_AGGRESSIVE;
				CLANG_CXX_LANGUAGE_STANDARD = "gnu++17";
				CLANG_ENABLE_MODULES = YES;
				CLANG_ENABLE_OBJC_ARC = YES;
				CLANG_ENABLE_OBJC_WEAK = YES;
				CLANG_WARN_BLOCK_CAPTURE_AUTORELEASING = YES;
				CLANG_WARN_BOOL_CONVERSION = YES;
				CLANG_WARN_COMMA = YES;
				CLANG_WARN_CONSTANT_CONVERSION = YES;
				CLANG_WARN_DEPRECATED_OBJC_IMPLEMENTATIONS = YES;
				CLANG_WARN_DIRECT_OBJC_ISA_USAGE = YES_ERROR;
				CLANG_WARN_DOCUMENTATION_COMMENTS = YES;
				CLANG_WARN_EMPTY_BODY = YES;
				CLANG_WARN_ENUM_CONVERSION = YES;
				CLANG_WARN_INFINITE_RECURSION = YES;
				CLANG_WARN_INT_CONVERSION = YES;
				CLANG_WARN_NON_LITERAL_NULL_CONVERSION = YES;
				CLANG_WARN_OBJC_IMPLICIT_RETAIN_SELF = YES;
				CLANG_WARN_OBJC_LITERAL_CONVERSION = YES;
				CLANG_WARN_OBJC_ROOT_CLASS = YES_ERROR;
				CLANG_WARN_QUOTED_INCLUDE_IN_FRAMEWORK_HEADER = YES;
				CLANG_WARN_RANGE_LOOP_ANALYSIS = YES;
				CLANG_WARN_STRICT_PROTOTYPES = YES;
				CLANG_WARN_SUSPICIOUS_MOVE = YES;
				CLANG_WARN_UNGUARDED_AVAILABILITY = YES_AGGRESSIVE;
				CLANG_WARN_UNREACHABLE_CODE = YES;
				CLANG_WARN__DUPLICATE_METHOD_MATCH = YES;
				COPY_PHASE_STRIP = NO;
				DEBUG_INFORMATION_FORMAT = dwarf;
				ENABLE_STRICT_OBJC_MSGSEND = YES;
				ENABLE_TESTABILITY = YES;
				GCC_C_LANGUAGE_STANDARD = gnu11;
				GCC_DYNAMIC_NO_PIC = NO;
				GCC_NO_COMMON_BLOCKS = YES;
				GCC_OPTIMIZATION_LEVEL = 0;
				GCC_PREPROCESSOR_DEFINITIONS = (
					"DEBUG=1",
					"$(inherited)",
				);
				GCC_WARN_64_TO_32_BIT_CONVERSION = YES;
				GCC_WARN_ABOUT_RETURN_TYPE = YES_ERROR;
				GCC_WARN_UNDECLARED_SELECTOR = YES;
				GCC_WARN_UNINITIALIZED_AUTOS = YES_AGGRESSIVE;
				GCC_WARN_UNUSED_FUNCTION = YES;
				GCC_WARN_UNUSED_VARIABLE = YES;
				IPHONEOS_DEPLOYMENT_TARGET = 15.5;
				MTL_ENABLE_DEBUG_INFO = INCLUDE_SOURCE;
				MTL_FAST_MATH = YES;
				ONLY_ACTIVE_ARCH = YES;
				SDKROOT = iphoneos;
				SWIFT_ACTIVE_COMPILATION_CONDITIONS = DEBUG;
				SWIFT_OPTIMIZATION_LEVEL = "-Onone";
			};
			name = Debug;
		};
		141EC4D128A3CC1300EBC7DF /* Release */ = {
			isa = XCBuildConfiguration;
			buildSettings = {
				ALWAYS_SEARCH_USER_PATHS = NO;
				CLANG_ANALYZER_NONNULL = YES;
				CLANG_ANALYZER_NUMBER_OBJECT_CONVERSION = YES_AGGRESSIVE;
				CLANG_CXX_LANGUAGE_STANDARD = "gnu++17";
				CLANG_ENABLE_MODULES = YES;
				CLANG_ENABLE_OBJC_ARC = YES;
				CLANG_ENABLE_OBJC_WEAK = YES;
				CLANG_WARN_BLOCK_CAPTURE_AUTORELEASING = YES;
				CLANG_WARN_BOOL_CONVERSION = YES;
				CLANG_WARN_COMMA = YES;
				CLANG_WARN_CONSTANT_CONVERSION = YES;
				CLANG_WARN_DEPRECATED_OBJC_IMPLEMENTATIONS = YES;
				CLANG_WARN_DIRECT_OBJC_ISA_USAGE = YES_ERROR;
				CLANG_WARN_DOCUMENTATION_COMMENTS = YES;
				CLANG_WARN_EMPTY_BODY = YES;
				CLANG_WARN_ENUM_CONVERSION = YES;
				CLANG_WARN_INFINITE_RECURSION = YES;
				CLANG_WARN_INT_CONVERSION = YES;
				CLANG_WARN_NON_LITERAL_NULL_CONVERSION = YES;
				CLANG_WARN_OBJC_IMPLICIT_RETAIN_SELF = YES;
				CLANG_WARN_OBJC_LITERAL_CONVERSION = YES;
				CLANG_WARN_OBJC_ROOT_CLASS = YES_ERROR;
				CLANG_WARN_QUOTED_INCLUDE_IN_FRAMEWORK_HEADER = YES;
				CLANG_WARN_RANGE_LOOP_ANALYSIS = YES;
				CLANG_WARN_STRICT_PROTOTYPES = YES;
				CLANG_WARN_SUSPICIOUS_MOVE = YES;
				CLANG_WARN_UNGUARDED_AVAILABILITY = YES_AGGRESSIVE;
				CLANG_WARN_UNREACHABLE_CODE = YES;
				CLANG_WARN__DUPLICATE_METHOD_MATCH = YES;
				COPY_PHASE_STRIP = NO;
				DEBUG_INFORMATION_FORMAT = "dwarf-with-dsym";
				ENABLE_NS_ASSERTIONS = NO;
				ENABLE_STRICT_OBJC_MSGSEND = YES;
				GCC_C_LANGUAGE_STANDARD = gnu11;
				GCC_NO_COMMON_BLOCKS = YES;
				GCC_WARN_64_TO_32_BIT_CONVERSION = YES;
				GCC_WARN_ABOUT_RETURN_TYPE = YES_ERROR;
				GCC_WARN_UNDECLARED_SELECTOR = YES;
				GCC_WARN_UNINITIALIZED_AUTOS = YES_AGGRESSIVE;
				GCC_WARN_UNUSED_FUNCTION = YES;
				GCC_WARN_UNUSED_VARIABLE = YES;
				IPHONEOS_DEPLOYMENT_TARGET = 15.5;
				MTL_ENABLE_DEBUG_INFO = NO;
				MTL_FAST_MATH = YES;
				SDKROOT = iphoneos;
				SWIFT_COMPILATION_MODE = wholemodule;
				SWIFT_OPTIMIZATION_LEVEL = "-O";
				VALIDATE_PRODUCT = YES;
			};
			name = Release;
		};
		141EC4D328A3CC1300EBC7DF /* Debug */ = {
			isa = XCBuildConfiguration;
			buildSettings = {
				ASSETCATALOG_COMPILER_APPICON_NAME = AppIcon;
				ASSETCATALOG_COMPILER_GLOBAL_ACCENT_COLOR_NAME = AccentColor;
				CODE_SIGN_STYLE = Automatic;
				CURRENT_PROJECT_VERSION = 1;
				DEVELOPMENT_ASSET_PATHS = "\"SocialRock/Preview Content\"";
				DEVELOPMENT_TEAM = 7P3G4Y9CSP;
				ENABLE_PREVIEWS = YES;
				GENERATE_INFOPLIST_FILE = YES;
				INFOPLIST_KEY_UIApplicationSceneManifest_Generation = YES;
				INFOPLIST_KEY_UIApplicationSupportsIndirectInputEvents = YES;
				INFOPLIST_KEY_UILaunchScreen_Generation = YES;
				INFOPLIST_KEY_UISupportedInterfaceOrientations_iPad = "UIInterfaceOrientationPortrait UIInterfaceOrientationPortraitUpsideDown UIInterfaceOrientationLandscapeLeft UIInterfaceOrientationLandscapeRight";
				INFOPLIST_KEY_UISupportedInterfaceOrientations_iPhone = "UIInterfaceOrientationPortrait UIInterfaceOrientationLandscapeLeft UIInterfaceOrientationLandscapeRight";
				LD_RUNPATH_SEARCH_PATHS = (
					"$(inherited)",
					"@executable_path/Frameworks",
				);
				MARKETING_VERSION = 1.0;
				PRODUCT_BUNDLE_IDENTIFIER = "Marcelo-de-Arau-jo.SocialRock";
				PRODUCT_NAME = "$(TARGET_NAME)";
				SWIFT_EMIT_LOC_STRINGS = YES;
				SWIFT_VERSION = 5.0;
				TARGETED_DEVICE_FAMILY = "1,2";
			};
			name = Debug;
		};
		141EC4D428A3CC1300EBC7DF /* Release */ = {
			isa = XCBuildConfiguration;
			buildSettings = {
				ASSETCATALOG_COMPILER_APPICON_NAME = AppIcon;
				ASSETCATALOG_COMPILER_GLOBAL_ACCENT_COLOR_NAME = AccentColor;
				CODE_SIGN_STYLE = Automatic;
				CURRENT_PROJECT_VERSION = 1;
				DEVELOPMENT_ASSET_PATHS = "\"SocialRock/Preview Content\"";
				DEVELOPMENT_TEAM = 7P3G4Y9CSP;
				ENABLE_PREVIEWS = YES;
				GENERATE_INFOPLIST_FILE = YES;
				INFOPLIST_KEY_UIApplicationSceneManifest_Generation = YES;
				INFOPLIST_KEY_UIApplicationSupportsIndirectInputEvents = YES;
				INFOPLIST_KEY_UILaunchScreen_Generation = YES;
				INFOPLIST_KEY_UISupportedInterfaceOrientations_iPad = "UIInterfaceOrientationPortrait UIInterfaceOrientationPortraitUpsideDown UIInterfaceOrientationLandscapeLeft UIInterfaceOrientationLandscapeRight";
				INFOPLIST_KEY_UISupportedInterfaceOrientations_iPhone = "UIInterfaceOrientationPortrait UIInterfaceOrientationLandscapeLeft UIInterfaceOrientationLandscapeRight";
				LD_RUNPATH_SEARCH_PATHS = (
					"$(inherited)",
					"@executable_path/Frameworks",
				);
				MARKETING_VERSION = 1.0;
				PRODUCT_BUNDLE_IDENTIFIER = "Marcelo-de-Arau-jo.SocialRock";
				PRODUCT_NAME = "$(TARGET_NAME)";
				SWIFT_EMIT_LOC_STRINGS = YES;
				SWIFT_VERSION = 5.0;
				TARGETED_DEVICE_FAMILY = "1,2";
			};
			name = Release;
		};
/* End XCBuildConfiguration section */

/* Begin XCConfigurationList section */
		141EC4BF28A3CC1200EBC7DF /* Build configuration list for PBXProject "SocialRock" */ = {
			isa = XCConfigurationList;
			buildConfigurations = (
				141EC4D028A3CC1300EBC7DF /* Debug */,
				141EC4D128A3CC1300EBC7DF /* Release */,
			);
			defaultConfigurationIsVisible = 0;
			defaultConfigurationName = Release;
		};
		141EC4D228A3CC1300EBC7DF /* Build configuration list for PBXNativeTarget "SocialRock" */ = {
			isa = XCConfigurationList;
			buildConfigurations = (
				141EC4D328A3CC1300EBC7DF /* Debug */,
				141EC4D428A3CC1300EBC7DF /* Release */,
			);
			defaultConfigurationIsVisible = 0;
			defaultConfigurationName = Release;
		};
/* End XCConfigurationList section */

/* Begin XCRemoteSwiftPackageReference section */
		142B6FBE28AE745C00F29B1B /* XCRemoteSwiftPackageReference "KeychainAccess" */ = {
			isa = XCRemoteSwiftPackageReference;
			repositoryURL = "https://github.com/kishikawakatsumi/KeychainAccess.git";
			requirement = {
				branch = master;
				kind = branch;
			};
		};
/* End XCRemoteSwiftPackageReference section */

/* Begin XCSwiftPackageProductDependency section */
		142B6FBF28AE745C00F29B1B /* KeychainAccess */ = {
			isa = XCSwiftPackageProductDependency;
			package = 142B6FBE28AE745C00F29B1B /* XCRemoteSwiftPackageReference "KeychainAccess" */;
			productName = KeychainAccess;
		};
/* End XCSwiftPackageProductDependency section */
	};
	rootObject = 141EC4BC28A3CC1200EBC7DF /* Project object */;
}
